
Microsoft Visual Studio Solution File, Format Version 12.00
# Visual Studio Version 16
VisualStudioVersion = 16.0.31205.134
MinimumVisualStudioVersion = 10.0.40219.1
Project("{9A19103F-16F7-4668-BE54-9A1E7A4F7556}") = "fncESP-02", "fncESP-02\fncESP-02.csproj", "{0F8A3D81-3184-4BB8-8EAC-EA3A42659953}"
EndProject
Project("{9A19103F-16F7-4668-BE54-9A1E7A4F7556}") = "apiSendDevice-02", "apiSendDevice-02\apiSendDevice-02.csproj", "{A725AE6D-D26A-4C9B-ABEF-3D04216AE644}"
EndProject
Project("{9A19103F-16F7-4668-BE54-9A1E7A4F7556}") = "fncGetDatos-tecnoupsa", "fncGetDatos-tecnoupsa\fncGetDatos-tecnoupsa.csproj", "{780C95A6-37E6-4DB4-8117-ABA637639DBA}"
EndProject
Global
	GlobalSection(SolutionConfigurationPlatforms) = preSolution
		Debug|Any CPU = Debug|Any CPU
		Release|Any CPU = Release|Any CPU
	EndGlobalSection
	GlobalSection(ProjectConfigurationPlatforms) = postSolution
		{0F8A3D81-3184-4BB8-8EAC-EA3A42659953}.Debug|Any CPU.ActiveCfg = Debug|Any CPU
		{0F8A3D81-3184-4BB8-8EAC-EA3A42659953}.Debug|Any CPU.Build.0 = Debug|Any CPU
		{0F8A3D81-3184-4BB8-8EAC-EA3A42659953}.Release|Any CPU.ActiveCfg = Release|Any CPU
		{0F8A3D81-3184-4BB8-8EAC-EA3A42659953}.Release|Any CPU.Build.0 = Release|Any CPU
		{A725AE6D-D26A-4C9B-ABEF-3D04216AE644}.Debug|Any CPU.ActiveCfg = Debug|Any CPU
		{A725AE6D-D26A-4C9B-ABEF-3D04216AE644}.Debug|Any CPU.Build.0 = Debug|Any CPU
		{A725AE6D-D26A-4C9B-ABEF-3D04216AE644}.Release|Any CPU.ActiveCfg = Release|Any CPU
		{A725AE6D-D26A-4C9B-ABEF-3D04216AE644}.Release|Any CPU.Build.0 = Release|Any CPU
		{780C95A6-37E6-4DB4-8117-ABA637639DBA}.Debug|Any CPU.ActiveCfg = Debug|Any CPU
		{780C95A6-37E6-4DB4-8117-ABA637639DBA}.Debug|Any CPU.Build.0 = Debug|Any CPU
		{780C95A6-37E6-4DB4-8117-ABA637639DBA}.Release|Any CPU.ActiveCfg = Release|Any CPU
		{780C95A6-37E6-4DB4-8117-ABA637639DBA}.Release|Any CPU.Build.0 = Release|Any CPU
	EndGlobalSection
	GlobalSection(SolutionProperties) = preSolution
		HideSolutionNode = FALSE
	EndGlobalSection
	GlobalSection(ExtensibilityGlobals) = postSolution
		SolutionGuid = {907B6305-78E8-4942-9B6D-B3103CB00D59}
	EndGlobalSection
EndGlobal
